
Microsoft Visual Studio Solution File, Format Version 12.00
# Visual Studio 2012
Project("{FAE04EC0-301F-11D3-BF4B-00C04F79EFBC}") = "Pygments", "Pygments\ClrPlus.Pygments.csproj", "{685B1F48-9279-4C2F-9D0B-FEEFA0A22B32}"
EndProject
Project("{FAE04EC0-301F-11D3-BF4B-00C04F79EFBC}") = "test", "test\test.csproj", "{B9285B21-1D6E-49AC-981A-12AD2217F8BD}"
	ProjectSection(ProjectDependencies) = postProject
		{685B1F48-9279-4C2F-9D0B-FEEFA0A22B32} = {685B1F48-9279-4C2F-9D0B-FEEFA0A22B32}
	EndProjectSection
EndProject
Global
	GlobalSection(SolutionConfigurationPlatforms) = preSolution
		Debug|Any CPU = Debug|Any CPU
		Release|Any CPU = Release|Any CPU
	EndGlobalSection
	GlobalSection(ProjectConfigurationPlatforms) = postSolution
		{685B1F48-9279-4C2F-9D0B-FEEFA0A22B32}.Debug|Any CPU.ActiveCfg = Debug|Any CPU
		{685B1F48-9279-4C2F-9D0B-FEEFA0A22B32}.Debug|Any CPU.Build.0 = Debug|Any CPU
		{685B1F48-9279-4C2F-9D0B-FEEFA0A22B32}.Release|Any CPU.ActiveCfg = Release|Any CPU
		{685B1F48-9279-4C2F-9D0B-FEEFA0A22B32}.Release|Any CPU.Build.0 = Release|Any CPU
		{B9285B21-1D6E-49AC-981A-12AD2217F8BD}.Debug|Any CPU.ActiveCfg = Debug|Any CPU
		{B9285B21-1D6E-49AC-981A-12AD2217F8BD}.Debug|Any CPU.Build.0 = Debug|Any CPU
		{B9285B21-1D6E-49AC-981A-12AD2217F8BD}.Release|Any CPU.ActiveCfg = Release|Any CPU
		{B9285B21-1D6E-49AC-981A-12AD2217F8BD}.Release|Any CPU.Build.0 = Release|Any CPU
	EndGlobalSection
	GlobalSection(SolutionProperties) = preSolution
		HideSolutionNode = FALSE
	EndGlobalSection
EndGlobal
